<?xml version="1.0" encoding="utf-8"?>
<Project ToolsVersion="4.0" xmlns="http://schemas.microsoft.com/developer/msbuild/2003">
  <ItemGroup>
    <Filter Include="Source Files">
      <UniqueIdentifier>{4FC737F1-C7A5-4376-A066-2A32D752A2FF}</UniqueIdentifier>
      <Extensions>cpp;c;cc;cxx;def;odl;idl;hpj;bat;asm;asmx</Extensions>
    </Filter>
    <Filter Include="Header Files">
      <UniqueIdentifier>{93995380-89BD-4b04-88EB-625FBE52EBFB}</UniqueIdentifier>
      <Extensions>h;hpp;hxx;hm;inl;inc;xsd</Extensions>
    </Filter>
    <Filter Include="Resource Files">
      <UniqueIdentifier>{67DA6AB6-F800-4c08-8B7A-83BB121AAD01}</UniqueIdentifier>
      <Extensions>rc;ico;cur;bmp;dlg;rc2;rct;bin;rgs;gif;jpg;jpeg;jpe;resx;tiff;tif;png;wav</Extensions>
    </Filter>
  </ItemGroup>
  <ItemGroup>
    <ClCompile Include="src\lib\u\base64.c">
      <Filter>Source Files</Filter>
    </ClCompile>
    <ClCompile Include="src\lib\u\buf.c">
      <Filter>Source Files</Filter>
    </ClCompile>
    <ClCompile Include="src\lib\u\debug.c">
      <Filter>Source Files</Filter>
    </ClCompile>
    <ClCompile Include="src\lib\u\gettimeofday.c">
      <Filter>Source Files</Filter>
    </ClCompile>
    <ClCompile Include="src\lib\u\hash.c">
      <Filter>Source Files</Filter>
    </ClCompile>
    <ClCompile Include="src\lib\u\iniparser.c">
      <Filter>Source Files</Filter>
    </ClCompile>
    <ClCompile Include="src\lib\u\list.c">
      <Filter>Source Files</Filter>
    </ClCompile>
    <ClCompile Include="src\lib\u\lock.c">
      <Filter>Source Files</Filter>
    </ClCompile>
    <ClCompile Include="src\lib\u\log.c">
      <Filter>Source Files</Filter>
    </ClCompile>
    <ClCompile Include="src\lib\u\md5.c">
      <Filter>Source Files</Filter>
    </ClCompile>
    <ClCompile Include="src\lib\u\memory.c">
      <Filter>Source Files</Filter>
    </ClCompile>
    <ClCompile Include="src\lib\u\misc.c">
      <Filter>Source Files</Filter>
    </ClCompile>
    <ClCompile Include="openwsman_wrap.c">
      <Filter>Source Files</Filter>
    </ClCompile>
    <ClCompile Include="src\cpp\OpenWsmanClient.cpp">
      <Filter>Source Files</Filter>
    </ClCompile>
    <ClCompile Include="src\lib\u\os.c">
      <Filter>Source Files</Filter>
    </ClCompile>
    <ClCompile Include="src\lib\u\pthreadx_win32.c">
      <Filter>Source Files</Filter>
    </ClCompile>
    <ClCompile Include="src\lib\u\strings.c">
      <Filter>Source Files</Filter>
    </ClCompile>
    <ClCompile Include="src\lib\u\syslog.c">
      <Filter>Source Files</Filter>
    </ClCompile>
    <ClCompile Include="src\lib\u\uerr.c">
      <Filter>Source Files</Filter>
    </ClCompile>
    <ClCompile Include="src\lib\u\uoption.c">
      <Filter>Source Files</Filter>
    </ClCompile>
    <ClCompile Include="src\lib\u\uri.c">
      <Filter>Source Files</Filter>
    </ClCompile>
    <ClCompile Include="src\lib\u\uuid.c">
      <Filter>Source Files</Filter>
    </ClCompile>
    <ClCompile Include="src\lib\wsman-client-transport.c">
      <Filter>Source Files</Filter>
    </ClCompile>
    <ClCompile Include="src\lib\wsman-client.c">
      <Filter>Source Files</Filter>
    </ClCompile>
    <ClCompile Include="src\lib\wsman-debug.c">
      <Filter>Source Files</Filter>
    </ClCompile>
    <ClCompile Include="src\lib\wsman-epr.c">
      <Filter>Source Files</Filter>
    </ClCompile>
    <ClCompile Include="src\lib\wsman-faults.c">
      <Filter>Source Files</Filter>
    </ClCompile>
    <ClCompile Include="src\lib\wsman-filter.c">
      <Filter>Source Files</Filter>
    </ClCompile>
    <ClCompile Include="src\lib\wsman-libxml2-binding.c">
      <Filter>Source Files</Filter>
    </ClCompile>
    <ClCompile Include="src\lib\wsman-soap-envelope.c">
      <Filter>Source Files</Filter>
    </ClCompile>
    <ClCompile Include="src\lib\wsman-soap-message.c">
      <Filter>Source Files</Filter>
    </ClCompile>
    <ClCompile Include="src\lib\wsman-soap.c">
      <Filter>Source Files</Filter>
    </ClCompile>
    <ClCompile Include="src\lib\wsman-win-client-transport.c">
      <Filter>Source Files</Filter>
    </ClCompile>
    <ClCompile Include="src\lib\wsman-xml-serialize.c">
      <Filter>Source Files</Filter>
    </ClCompile>
    <ClCompile Include="src\lib\wsman-xml.c">
      <Filter>Source Files</Filter>
    </ClCompile>
    <ClCompile Include="src\lib\wsman-dispatcher.c">
      <Filter>Source Files</Filter>
    </ClCompile>
  </ItemGroup>
  <ItemGroup>
    <ClInclude Include="include\u\base64.h">
      <Filter>Header Files</Filter>
    </ClInclude>
    <ClInclude Include="include\u\buf.h">
      <Filter>Header Files</Filter>
    </ClInclude>
    <ClInclude Include="include\u\carpal.h">
      <Filter>Header Files</Filter>
    </ClInclude>
    <ClInclude Include="include\u\debug.h">
      <Filter>Header Files</Filter>
    </ClInclude>
    <ClInclude Include="src\cpp\Exception.h">
      <Filter>Header Files</Filter>
    </ClInclude>
    <ClInclude Include="include\u\gettimeofday.h">
      <Filter>Header Files</Filter>
    </ClInclude>
    <ClInclude Include="include\u\hash.h">
      <Filter>Header Files</Filter>
    </ClInclude>
    <ClInclude Include="include\u\iniparser.h">
      <Filter>Header Files</Filter>
    </ClInclude>
    <ClInclude Include="include\u\libu.h">
      <Filter>Header Files</Filter>
    </ClInclude>
    <ClInclude Include="include\u\list.h">
      <Filter>Header Files</Filter>
    </ClInclude>
    <ClInclude Include="include\u\lock.h">
      <Filter>Header Files</Filter>
    </ClInclude>
    <ClInclude Include="include\u\log.h">
      <Filter>Header Files</Filter>
    </ClInclude>
    <ClInclude Include="include\u\logprv.h">
      <Filter>Header Files</Filter>
    </ClInclude>
    <ClInclude Include="include\u\md5.h">
      <Filter>Header Files</Filter>
    </ClInclude>
    <ClInclude Include="include\u\memory.h">
      <Filter>Header Files</Filter>
    </ClInclude>
    <ClInclude Include="include\u\misc.h">
      <Filter>Header Files</Filter>
    </ClInclude>
    <ClInclude Include="openwsman.h">
      <Filter>Header Files</Filter>
    </ClInclude>
    <ClInclude Include="src\cpp\OpenWsmanClient.h">
      <Filter>Header Files</Filter>
    </ClInclude>
    <ClInclude Include="include\u\os.h">
      <Filter>Header Files</Filter>
    </ClInclude>
    <ClInclude Include="include\u\pthreadx.h">
      <Filter>Header Files</Filter>
    </ClInclude>
    <ClInclude Include="include\u\strings.h">
      <Filter>Header Files</Filter>
    </ClInclude>
    <ClInclude Include="include\u\syslog.h">
      <Filter>Header Files</Filter>
    </ClInclude>
    <ClInclude Include="include\u\uerr.h">
      <Filter>Header Files</Filter>
    </ClInclude>
    <ClInclude Include="include\u\uoption.h">
      <Filter>Header Files</Filter>
    </ClInclude>
    <ClInclude Include="include\u\uri.h">
      <Filter>Header Files</Filter>
    </ClInclude>
    <ClInclude Include="include\u\uuid.h">
      <Filter>Header Files</Filter>
    </ClInclude>
    <ClInclude Include="include\wsman-client-api.h">
      <Filter>Header Files</Filter>
    </ClInclude>
    <ClInclude Include="include\wsman-client-transport.h">
      <Filter>Header Files</Filter>
    </ClInclude>
    <ClInclude Include="include\wsman-epr.h">
      <Filter>Header Files</Filter>
    </ClInclude>
    <ClInclude Include="include\wsman-faults.h">
      <Filter>Header Files</Filter>
    </ClInclude>
    <ClInclude Include="include\wsman-filter.h">
      <Filter>Header Files</Filter>
    </ClInclude>
    <ClInclude Include="include\wsman-xml-serialize.h">
      <Filter>Header Files</Filter>
    </ClInclude>
    <ClInclude Include="include\wsman-xml-serializer.h">
      <Filter>Header Files</Filter>
    </ClInclude>
    <ClInclude Include="src\cpp\WsmanClient.h">
      <Filter>Header Files</Filter>
    </ClInclude>
    <ClInclude Include="src\cpp\WsmanEPR.h">
      <Filter>Header Files</Filter>
    </ClInclude>
    <ClInclude Include="src\cpp\WsmanFilter.h">
      <Filter>Header Files</Filter>
    </ClInclude>
  </ItemGroup>
</Project>